{
    "version": 3,
    "terraform_version": "0.8.5",
    "serial": 4,
    "lineage": "d1610719-4f24-4619-9be4-45b48bf77094",
    "modules": [
        {
            "path": [
                "root"
            ],
            "outputs": {},
            "resources": {
                "openstack_compute_keypair_v2.jr17": {
                    "type": "openstack_compute_keypair_v2",
                    "depends_on": [],
                    "primary": {
                        "id": "jr17",
                        "attributes": {
                            "id": "jr17",
                            "name": "jr17",
                            "public_key": "ssh-rsa AAAAB3NzaC1yc2EAAAADAQABAAABAQDLz2uWAMGP0Gcb00en/W5W1Rl7SVPeNOCvBB+Z7V4Te1P1TnjDMz2gvuH4SQcZa9QMsywwcKCq51oFwB74uqAcMAFoiK9F+U2KjGsufNYED3tTjp4RbjdZOCRddRkb57/VXo4GTL4zXF0NV0FYwJwBKTewdSLtYGpm/odS1WomiB4ph3wgHEp9nfcqbOKVKnMuCYjjZTlK+A42zsn06x1gOyCYQa/x4M4ovtdIfdkkz9oVYFxH9h8Oqbaa5wkgNjsNCAxib8ne15ew1O5jO755pC8zEWPmusTjP6N250eUI6XeZfEo25iNxNM/UUl1VivqK/lVTTl02rd9+HWCahZP jr17@mib104303i",
                            "region": ""
                        },
                        "meta": {},
                        "tainted": false
                    },
                    "deposed": [],
                    "provider": ""
                },
                "openstack_compute_keypair_v2.mercury": {
                    "type": "openstack_compute_keypair_v2",
                    "depends_on": [],
                    "primary": {
                        "id": "mercury",
                        "attributes": {
                            "id": "mercury",
                            "name": "mercury",
                            "public_key": "ssh-rsa AAAAB3NzaC1yc2EAAAADAQABAAACAQC33E9dReKYHouMSEmSktP3FpGlKiOMcYPVafwIlLkfkdsWOEAOlZZgPUivGqlrhO6swhyB4E/ZxRslT1JWxbq2yt78LbOmkykuiPP0FB1LjGChpx4SwLLDeP9XDaf5Mj5dljp2YWpPYXjEZs7s0hQNXNwJUOUDCGKhTD/F/y7UIpalYxRg4dOlbMcnVJM01f38eLA0bUx1XwERO7gusdX7rwlok/ToilQqIvvbU4bPnK/2JsShX9uQiol/Tk1z5vvF4ezwacS2UwqnksyrIvsivBndrXnN/Ap78lKfuxI1hm1421/GJtadJ1x7+48uwHQUC7oHALf2NWkLwo9XK4KyiSuQJQjhg/lTqm9aaVcPrjcKSX7RyD6PMx+LSxXzUJKqJuxYzVrH3MNr3aD6tEs/4fz0rXALJAi1aQ7PucTSf1hVqlI4hxN7UyfV9cBy/ViLrnLp3HX63MgrtmUgxVm9Mv6krJW/cspJxpbPzHjxx6wtr/0kFbw9affBgNNzth2p8HquK4XiGE19PsuqNBFxLfF0AtYTAlaDn2fZNYqMVaMepUrTV0ZF2WyFoPSkJal7MKw5Xqt5nB5MJnbVDuaRxz35DROHwYauCTsRV5eRMXpvsYd3FUVAGGU9P3N+bPctj2METZS+L3gpXPnVEMqm0D5p4BrP5PY5c1zSlrjlow== mercury@farm3-head4",
                            "region": ""
                        },
                        "meta": {},
                        "tainted": false
                    },
                    "deposed": [],
                    "provider": ""
                },
                "openstack_compute_secgroup_v2.ssh": {
                    "type": "openstack_compute_secgroup_v2",
                    "depends_on": [],
                    "primary": {
                        "id": "6fd99277-68b4-425a-bfe3-2ae1dd1eee01",
                        "attributes": {
                            "description": "Incoming ssh access",
                            "id": "6fd99277-68b4-425a-bfe3-2ae1dd1eee01",
                            "name": "ssh",
                            "region": "",
                            "rule.#": "1",
                            "rule.836640770.cidr": "0.0.0.0/0",
                            "rule.836640770.from_group_id": "",
                            "rule.836640770.from_port": "22",
                            "rule.836640770.id": "6017976a-13c5-46f7-8df0-e2dea6fb7876",
                            "rule.836640770.ip_protocol": "tcp",
                            "rule.836640770.self": "false",
                            "rule.836640770.to_port": "22"
                        },
                        "meta": {},
                        "tainted": false
                    },
                    "deposed": [],
                    "provider": ""
                }
            },
            "depends_on": []
        }
    ]
}
