{
    "version": 3,
    "terraform_version": "0.8.6",
    "serial": 29,
    "lineage": "d1610719-4f24-4619-9be4-45b48bf77094",
    "modules": [
        {
            "path": [
                "root"
            ],
            "outputs": {
                "consul_ips": {
                    "sensitive": false,
                    "type": "list",
                    "value": []
                },
                "image_names": {
                    "sensitive": false,
                    "type": "map",
                    "value": {
                        "base": "hgi-base-ubuntu-xenial-1e033c83",
                        "docker": "hgi-docker-ubuntu-xenial-65439049",
                        "gitlab_runner": "gitlab-runner-ubuntu-xenial-bd395366"
                    }
                }
            },
            "resources": {
                "openstack_compute_floatingip_v2.ssh-gateway-hgi": {
                    "type": "openstack_compute_floatingip_v2",
                    "depends_on": [],
                    "primary": {
                        "id": "bbbf988b-6c80-410b-bc17-20e2f2817aaf",
                        "attributes": {
                            "address": "172.27.83.65",
                            "fixed_ip": "",
                            "id": "bbbf988b-6c80-410b-bc17-20e2f2817aaf",
                            "instance_id": "",
                            "pool": "nova",
                            "region": ""
                        },
                        "meta": {},
                        "tainted": false
                    },
                    "deposed": [],
                    "provider": "openstack.hgi"
                },
                "openstack_compute_floatingip_v2.ssh-gateway-hgiarvados": {
                    "type": "openstack_compute_floatingip_v2",
                    "depends_on": [],
                    "primary": {
                        "id": "8ccf6d65-3327-4ed0-9089-f66f7b22f4b9",
                        "attributes": {
                            "address": "172.27.83.66",
                            "fixed_ip": "10.101.0.5",
                            "id": "8ccf6d65-3327-4ed0-9089-f66f7b22f4b9",
                            "instance_id": "675ec8dc-67f9-421c-b7c3-372a6f538ef3",
                            "pool": "nova",
                            "region": ""
                        },
                        "meta": {},
                        "tainted": false
                    },
                    "deposed": [],
                    "provider": "openstack.hgiarvados"
                },
                "openstack_compute_instance_v2.ssh-gateway-hgiarvados": {
                    "type": "openstack_compute_instance_v2",
                    "depends_on": [
                        "openstack_compute_floatingip_v2.ssh-gateway-hgiarvados",
                        "openstack_compute_keypair_v2.mercury_hgiarvados",
                        "openstack_compute_secgroup_v2.ssh_hgiarvados",
                        "openstack_networking_network_v2.main_hgiarvados"
                    ],
                    "primary": {
                        "id": "b4d19c6d-9efc-4365-8515-79b822b79250",
                        "attributes": {
                            "access_ip_v4": "172.27.83.66",
                            "access_ip_v6": "",
                            "flavor_id": "2001",
                            "flavor_name": "m1.small",
                            "id": "b4d19c6d-9efc-4365-8515-79b822b79250",
                            "image_id": "f9f3cc3d-4c52-4c19-9d77-11f3567b6b11",
                            "image_name": "hgi-base-ubuntu-xenial-1e033c83",
                            "key_pair": "mercury_hgiarvados",
                            "metadata.%": "0",
                            "name": "ssh-gateway-hgiarvados",
                            "network.#": "1",
                            "network.0.access_network": "true",
                            "network.0.fixed_ip_v4": "10.101.0.6",
                            "network.0.fixed_ip_v6": "",
                            "network.0.floating_ip": "172.27.83.66",
                            "network.0.mac": "fa:16:3e:8a:c2:2d",
                            "network.0.name": "main_hgiarvados",
                            "network.0.port": "",
                            "network.0.uuid": "f9769896-f5b8-4ec7-ab57-10efc0efadfe",
                            "security_groups.#": "1",
                            "security_groups.1251051006": "ssh_hgiarvados",
                            "stop_before_destroy": "false",
                            "volume.#": "0"
                        },
                        "meta": {},
                        "tainted": true
                    },
                    "deposed": [],
                    "provider": "openstack.hgiarvados"
                },
                "openstack_compute_keypair_v2.jr17_hgi": {
                    "type": "openstack_compute_keypair_v2",
                    "depends_on": [],
                    "primary": {
                        "id": "jr17_hgi",
                        "attributes": {
                            "id": "jr17_hgi",
                            "name": "jr17_hgi",
                            "public_key": "ssh-rsa AAAAB3NzaC1yc2EAAAADAQABAAABAQDLz2uWAMGP0Gcb00en/W5W1Rl7SVPeNOCvBB+Z7V4Te1P1TnjDMz2gvuH4SQcZa9QMsywwcKCq51oFwB74uqAcMAFoiK9F+U2KjGsufNYED3tTjp4RbjdZOCRddRkb57/VXo4GTL4zXF0NV0FYwJwBKTewdSLtYGpm/odS1WomiB4ph3wgHEp9nfcqbOKVKnMuCYjjZTlK+A42zsn06x1gOyCYQa/x4M4ovtdIfdkkz9oVYFxH9h8Oqbaa5wkgNjsNCAxib8ne15ew1O5jO755pC8zEWPmusTjP6N250eUI6XeZfEo25iNxNM/UUl1VivqK/lVTTl02rd9+HWCahZP jr17@mib104303i",
                            "region": ""
                        },
                        "meta": {},
                        "tainted": false
                    },
                    "deposed": [],
                    "provider": "openstack.hgi"
                },
                "openstack_compute_keypair_v2.jr17_hgiarvados": {
                    "type": "openstack_compute_keypair_v2",
                    "depends_on": [],
                    "primary": {
                        "id": "jr17_hgiarvados",
                        "attributes": {
                            "id": "jr17_hgiarvados",
                            "name": "jr17_hgiarvados",
                            "public_key": "ssh-rsa AAAAB3NzaC1yc2EAAAADAQABAAABAQDLz2uWAMGP0Gcb00en/W5W1Rl7SVPeNOCvBB+Z7V4Te1P1TnjDMz2gvuH4SQcZa9QMsywwcKCq51oFwB74uqAcMAFoiK9F+U2KjGsufNYED3tTjp4RbjdZOCRddRkb57/VXo4GTL4zXF0NV0FYwJwBKTewdSLtYGpm/odS1WomiB4ph3wgHEp9nfcqbOKVKnMuCYjjZTlK+A42zsn06x1gOyCYQa/x4M4ovtdIfdkkz9oVYFxH9h8Oqbaa5wkgNjsNCAxib8ne15ew1O5jO755pC8zEWPmusTjP6N250eUI6XeZfEo25iNxNM/UUl1VivqK/lVTTl02rd9+HWCahZP jr17@mib104303i",
                            "region": ""
                        },
                        "meta": {},
                        "tainted": false
                    },
                    "deposed": [],
                    "provider": "openstack.hgiarvados"
                },
                "openstack_compute_keypair_v2.mercury_hgi": {
                    "type": "openstack_compute_keypair_v2",
                    "depends_on": [],
                    "primary": {
                        "id": "mercury_hgi",
                        "attributes": {
                            "id": "mercury_hgi",
                            "name": "mercury_hgi",
                            "public_key": "ssh-rsa AAAAB3NzaC1yc2EAAAADAQABAAACAQC33E9dReKYHouMSEmSktP3FpGlKiOMcYPVafwIlLkfkdsWOEAOlZZgPUivGqlrhO6swhyB4E/ZxRslT1JWxbq2yt78LbOmkykuiPP0FB1LjGChpx4SwLLDeP9XDaf5Mj5dljp2YWpPYXjEZs7s0hQNXNwJUOUDCGKhTD/F/y7UIpalYxRg4dOlbMcnVJM01f38eLA0bUx1XwERO7gusdX7rwlok/ToilQqIvvbU4bPnK/2JsShX9uQiol/Tk1z5vvF4ezwacS2UwqnksyrIvsivBndrXnN/Ap78lKfuxI1hm1421/GJtadJ1x7+48uwHQUC7oHALf2NWkLwo9XK4KyiSuQJQjhg/lTqm9aaVcPrjcKSX7RyD6PMx+LSxXzUJKqJuxYzVrH3MNr3aD6tEs/4fz0rXALJAi1aQ7PucTSf1hVqlI4hxN7UyfV9cBy/ViLrnLp3HX63MgrtmUgxVm9Mv6krJW/cspJxpbPzHjxx6wtr/0kFbw9affBgNNzth2p8HquK4XiGE19PsuqNBFxLfF0AtYTAlaDn2fZNYqMVaMepUrTV0ZF2WyFoPSkJal7MKw5Xqt5nB5MJnbVDuaRxz35DROHwYauCTsRV5eRMXpvsYd3FUVAGGU9P3N+bPctj2METZS+L3gpXPnVEMqm0D5p4BrP5PY5c1zSlrjlow== mercury@farm3-head4",
                            "region": ""
                        },
                        "meta": {},
                        "tainted": false
                    },
                    "deposed": [],
                    "provider": "openstack.hgi"
                },
                "openstack_compute_keypair_v2.mercury_hgiarvados": {
                    "type": "openstack_compute_keypair_v2",
                    "depends_on": [],
                    "primary": {
                        "id": "mercury_hgiarvados",
                        "attributes": {
                            "id": "mercury_hgiarvados",
                            "name": "mercury_hgiarvados",
                            "public_key": "ssh-rsa AAAAB3NzaC1yc2EAAAADAQABAAACAQC33E9dReKYHouMSEmSktP3FpGlKiOMcYPVafwIlLkfkdsWOEAOlZZgPUivGqlrhO6swhyB4E/ZxRslT1JWxbq2yt78LbOmkykuiPP0FB1LjGChpx4SwLLDeP9XDaf5Mj5dljp2YWpPYXjEZs7s0hQNXNwJUOUDCGKhTD/F/y7UIpalYxRg4dOlbMcnVJM01f38eLA0bUx1XwERO7gusdX7rwlok/ToilQqIvvbU4bPnK/2JsShX9uQiol/Tk1z5vvF4ezwacS2UwqnksyrIvsivBndrXnN/Ap78lKfuxI1hm1421/GJtadJ1x7+48uwHQUC7oHALf2NWkLwo9XK4KyiSuQJQjhg/lTqm9aaVcPrjcKSX7RyD6PMx+LSxXzUJKqJuxYzVrH3MNr3aD6tEs/4fz0rXALJAi1aQ7PucTSf1hVqlI4hxN7UyfV9cBy/ViLrnLp3HX63MgrtmUgxVm9Mv6krJW/cspJxpbPzHjxx6wtr/0kFbw9affBgNNzth2p8HquK4XiGE19PsuqNBFxLfF0AtYTAlaDn2fZNYqMVaMepUrTV0ZF2WyFoPSkJal7MKw5Xqt5nB5MJnbVDuaRxz35DROHwYauCTsRV5eRMXpvsYd3FUVAGGU9P3N+bPctj2METZS+L3gpXPnVEMqm0D5p4BrP5PY5c1zSlrjlow== mercury@farm3-head4",
                            "region": ""
                        },
                        "meta": {},
                        "tainted": false
                    },
                    "deposed": [],
                    "provider": "openstack.hgiarvados"
                },
                "openstack_compute_secgroup_v2.ssh_hgi": {
                    "type": "openstack_compute_secgroup_v2",
                    "depends_on": [],
                    "primary": {
                        "id": "ca355ec7-7d1f-4c0e-b8c4-d0c7d58cec00",
                        "attributes": {
                            "description": "Incoming ssh access",
                            "id": "ca355ec7-7d1f-4c0e-b8c4-d0c7d58cec00",
                            "name": "ssh_hgi",
                            "region": "",
                            "rule.#": "1",
                            "rule.836640770.cidr": "0.0.0.0/0",
                            "rule.836640770.from_group_id": "",
                            "rule.836640770.from_port": "22",
                            "rule.836640770.id": "9ccf4df8-e271-460c-8229-97a9d4214024",
                            "rule.836640770.ip_protocol": "tcp",
                            "rule.836640770.self": "false",
                            "rule.836640770.to_port": "22"
                        },
                        "meta": {},
                        "tainted": false
                    },
                    "deposed": [],
                    "provider": "openstack.hgi"
                },
                "openstack_compute_secgroup_v2.ssh_hgiarvados": {
                    "type": "openstack_compute_secgroup_v2",
                    "depends_on": [],
                    "primary": {
                        "id": "e266859c-44b2-4659-9c6d-f792d5b07885",
                        "attributes": {
                            "description": "Incoming ssh access",
                            "id": "e266859c-44b2-4659-9c6d-f792d5b07885",
                            "name": "ssh_hgiarvados",
                            "region": "",
                            "rule.#": "1",
                            "rule.836640770.cidr": "0.0.0.0/0",
                            "rule.836640770.from_group_id": "",
                            "rule.836640770.from_port": "22",
                            "rule.836640770.id": "925303fb-2978-4448-8a8c-12724beb995d",
                            "rule.836640770.ip_protocol": "tcp",
                            "rule.836640770.self": "false",
                            "rule.836640770.to_port": "22"
                        },
                        "meta": {},
                        "tainted": false
                    },
                    "deposed": [],
                    "provider": "openstack.hgiarvados"
                },
                "openstack_networking_network_v2.main_hgi": {
                    "type": "openstack_networking_network_v2",
                    "depends_on": [],
                    "primary": {
                        "id": "1874dedb-3ff5-4a08-bd1b-41723128135c",
                        "attributes": {
                            "admin_state_up": "true",
                            "id": "1874dedb-3ff5-4a08-bd1b-41723128135c",
                            "name": "main_hgi",
                            "region": "",
                            "shared": "false",
                            "tenant_id": "e9eb4b3e7de648628a813e9240ee77bc"
                        },
                        "meta": {},
                        "tainted": false
                    },
                    "deposed": [],
                    "provider": "openstack.hgi"
                },
                "openstack_networking_network_v2.main_hgiarvados": {
                    "type": "openstack_networking_network_v2",
                    "depends_on": [],
                    "primary": {
                        "id": "f9769896-f5b8-4ec7-ab57-10efc0efadfe",
                        "attributes": {
                            "admin_state_up": "true",
                            "id": "f9769896-f5b8-4ec7-ab57-10efc0efadfe",
                            "name": "main_hgiarvados",
                            "region": "",
                            "shared": "false",
                            "tenant_id": "a054f872711b4355b0a501b2705541e4"
                        },
                        "meta": {},
                        "tainted": false
                    },
                    "deposed": [],
                    "provider": "openstack.hgiarvados"
                },
                "openstack_networking_router_interface_v2.main_public_hgi": {
                    "type": "openstack_networking_router_interface_v2",
                    "depends_on": [
                        "openstack_networking_router_v2.main_public_hgi",
                        "openstack_networking_subnet_v2.main_hgi"
                    ],
                    "primary": {
                        "id": "0f9089aa-77d7-44e4-a341-b7a5dcc4b754",
                        "attributes": {
                            "id": "0f9089aa-77d7-44e4-a341-b7a5dcc4b754",
                            "router_id": "465b5f31-c4eb-467e-863b-f5ef5502a517",
                            "subnet_id": "199197ef-f258-43a2-b606-192e918c3748"
                        },
                        "meta": {},
                        "tainted": false
                    },
                    "deposed": [],
                    "provider": "openstack.hgi"
                },
                "openstack_networking_router_interface_v2.main_public_hgiarvados": {
                    "type": "openstack_networking_router_interface_v2",
                    "depends_on": [
                        "openstack_networking_router_v2.main_public_hgiarvados",
                        "openstack_networking_subnet_v2.main_hgiarvados"
                    ],
                    "primary": {
                        "id": "f5c71c02-58dc-49d3-be91-84696a55b525",
                        "attributes": {
                            "id": "f5c71c02-58dc-49d3-be91-84696a55b525",
                            "router_id": "4e0fcf5c-8e74-4666-80b6-20261d1a5075",
                            "subnet_id": "353c84fe-0914-4f77-b0c3-745b984943a2"
                        },
                        "meta": {},
                        "tainted": false
                    },
                    "deposed": [],
                    "provider": "openstack.hgiarvados"
                },
                "openstack_networking_router_v2.main_public_hgi": {
                    "type": "openstack_networking_router_v2",
                    "depends_on": [],
                    "primary": {
                        "id": "465b5f31-c4eb-467e-863b-f5ef5502a517",
                        "attributes": {
                            "admin_state_up": "true",
                            "distributed": "false",
                            "external_gateway": "9f50f282-2a4c-47da-88f8-c77b6655c7db",
                            "id": "465b5f31-c4eb-467e-863b-f5ef5502a517",
                            "name": "main_public_hgi",
                            "tenant_id": "e9eb4b3e7de648628a813e9240ee77bc"
                        },
                        "meta": {},
                        "tainted": false
                    },
                    "deposed": [],
                    "provider": "openstack.hgi"
                },
                "openstack_networking_router_v2.main_public_hgiarvados": {
                    "type": "openstack_networking_router_v2",
                    "depends_on": [],
                    "primary": {
                        "id": "4e0fcf5c-8e74-4666-80b6-20261d1a5075",
                        "attributes": {
                            "admin_state_up": "true",
                            "distributed": "false",
                            "external_gateway": "9f50f282-2a4c-47da-88f8-c77b6655c7db",
                            "id": "4e0fcf5c-8e74-4666-80b6-20261d1a5075",
                            "name": "main_public_hgiarvados",
                            "tenant_id": "a054f872711b4355b0a501b2705541e4"
                        },
                        "meta": {},
                        "tainted": false
                    },
                    "deposed": [],
                    "provider": "openstack.hgiarvados"
                },
                "openstack_networking_subnet_v2.main_hgi": {
                    "type": "openstack_networking_subnet_v2",
                    "depends_on": [
                        "openstack_networking_network_v2.main_hgi"
                    ],
                    "primary": {
                        "id": "199197ef-f258-43a2-b606-192e918c3748",
                        "attributes": {
                            "allocation_pools.#": "1",
                            "allocation_pools.0.end": "10.101.0.254",
                            "allocation_pools.0.start": "10.101.0.2",
                            "cidr": "10.101.0.0/24",
                            "dns_nameservers.#": "0",
                            "enable_dhcp": "true",
                            "gateway_ip": "10.101.0.1",
                            "host_routes.#": "0",
                            "id": "199197ef-f258-43a2-b606-192e918c3748",
                            "ip_version": "4",
                            "name": "main_hgi",
                            "network_id": "1874dedb-3ff5-4a08-bd1b-41723128135c",
                            "region": "",
                            "tenant_id": "e9eb4b3e7de648628a813e9240ee77bc"
                        },
                        "meta": {},
                        "tainted": false
                    },
                    "deposed": [],
                    "provider": "openstack.hgi"
                },
                "openstack_networking_subnet_v2.main_hgiarvados": {
                    "type": "openstack_networking_subnet_v2",
                    "depends_on": [
                        "openstack_networking_network_v2.main_hgiarvados"
                    ],
                    "primary": {
                        "id": "353c84fe-0914-4f77-b0c3-745b984943a2",
                        "attributes": {
                            "allocation_pools.#": "1",
                            "allocation_pools.0.end": "10.101.0.254",
                            "allocation_pools.0.start": "10.101.0.2",
                            "cidr": "10.101.0.0/24",
                            "dns_nameservers.#": "0",
                            "enable_dhcp": "true",
                            "gateway_ip": "10.101.0.1",
                            "host_routes.#": "0",
                            "id": "353c84fe-0914-4f77-b0c3-745b984943a2",
                            "ip_version": "4",
                            "name": "main_hgiarvados",
                            "network_id": "f9769896-f5b8-4ec7-ab57-10efc0efadfe",
                            "region": "",
                            "tenant_id": "a054f872711b4355b0a501b2705541e4"
                        },
                        "meta": {},
                        "tainted": false
                    },
                    "deposed": [],
                    "provider": "openstack.hgiarvados"
                }
            },
            "depends_on": []
        }
    ]
}
